# This file is automatically @generated by Cargo.
# It is not intended for manual editing.
version = 4

[[package]]
name = "app"
version = "0.1.0"
dependencies = [
 "core",
 "util",
]

[[package]]
name = "core"
version = "0.1.0"
dependencies = [
 "mid_a",
 "mid_b",
 "mid_c",
]

[[package]]
name = "leaf_a"
version = "0.1.0"

[[package]]
name = "leaf_b"
version = "0.1.0"

[[package]]
name = "leaf_c"
version = "0.1.0"

[[package]]
name = "leaf_d"
version = "0.1.0"

[[package]]
name = "leaf_e"
version = "0.1.0"

[[package]]
name = "leaf_f"
version = "0.1.0"

[[package]]
name = "mid_a"
version = "0.1.0"
dependencies = [
 "leaf_a",
 "leaf_b",
]

[[package]]
name = "mid_b"
version = "0.1.0"
dependencies = [
 "leaf_c",
 "leaf_d",
]

[[package]]
name = "mid_c"
version = "0.1.0"
dependencies = [
 "leaf_b",
 "leaf_c",
]

[[package]]
name = "util"
version = "0.1.0"
dependencies = [
 "leaf_e",
 "leaf_f",
]
